
Microsoft Visual Studio Solution File, Format Version 12.00
# Visual Studio Version 16
VisualStudioVersion = 16.0.30114.105
MinimumVisualStudioVersion = 10.0.40219.1
Project("{FAE04EC0-301F-11D3-BF4B-00C04F79EFBC}") = "Servicios", "Servicios\Servicios.csproj", "{98B9C3A6-BA40-408E-80AF-7D632682CA52}"
EndProject
Project("{FAE04EC0-301F-11D3-BF4B-00C04F79EFBC}") = "Aplicacion", "Aplicacion\Aplicacion.csproj", "{0C6494F8-7B08-4F86-B162-852ED585026D}"
EndProject
Project("{FAE04EC0-301F-11D3-BF4B-00C04F79EFBC}") = "Persistencia", "Persistencia\Persistencia.csproj", "{616B2E1A-BD1D-49CC-88A7-F34B542140DD}"
EndProject
Project("{FAE04EC0-301F-11D3-BF4B-00C04F79EFBC}") = "Dominio", "Dominio\Dominio.csproj", "{3E51704C-7BD1-4F19-A6DC-9D467165559C}"
EndProject
Global
	GlobalSection(SolutionConfigurationPlatforms) = preSolution
		Debug|Any CPU = Debug|Any CPU
		Debug|x64 = Debug|x64
		Debug|x86 = Debug|x86
		Release|Any CPU = Release|Any CPU
		Release|x64 = Release|x64
		Release|x86 = Release|x86
	EndGlobalSection
	GlobalSection(SolutionProperties) = preSolution
		HideSolutionNode = FALSE
	EndGlobalSection
	GlobalSection(ProjectConfigurationPlatforms) = postSolution
		{98B9C3A6-BA40-408E-80AF-7D632682CA52}.Debug|Any CPU.ActiveCfg = Debug|Any CPU
		{98B9C3A6-BA40-408E-80AF-7D632682CA52}.Debug|Any CPU.Build.0 = Debug|Any CPU
		{98B9C3A6-BA40-408E-80AF-7D632682CA52}.Debug|x64.ActiveCfg = Debug|Any CPU
		{98B9C3A6-BA40-408E-80AF-7D632682CA52}.Debug|x64.Build.0 = Debug|Any CPU
		{98B9C3A6-BA40-408E-80AF-7D632682CA52}.Debug|x86.ActiveCfg = Debug|Any CPU
		{98B9C3A6-BA40-408E-80AF-7D632682CA52}.Debug|x86.Build.0 = Debug|Any CPU
		{98B9C3A6-BA40-408E-80AF-7D632682CA52}.Release|Any CPU.ActiveCfg = Release|Any CPU
		{98B9C3A6-BA40-408E-80AF-7D632682CA52}.Release|Any CPU.Build.0 = Release|Any CPU
		{98B9C3A6-BA40-408E-80AF-7D632682CA52}.Release|x64.ActiveCfg = Release|Any CPU
		{98B9C3A6-BA40-408E-80AF-7D632682CA52}.Release|x64.Build.0 = Release|Any CPU
		{98B9C3A6-BA40-408E-80AF-7D632682CA52}.Release|x86.ActiveCfg = Release|Any CPU
		{98B9C3A6-BA40-408E-80AF-7D632682CA52}.Release|x86.Build.0 = Release|Any CPU
		{0C6494F8-7B08-4F86-B162-852ED585026D}.Debug|Any CPU.ActiveCfg = Debug|Any CPU
		{0C6494F8-7B08-4F86-B162-852ED585026D}.Debug|Any CPU.Build.0 = Debug|Any CPU
		{0C6494F8-7B08-4F86-B162-852ED585026D}.Debug|x64.ActiveCfg = Debug|Any CPU
		{0C6494F8-7B08-4F86-B162-852ED585026D}.Debug|x64.Build.0 = Debug|Any CPU
		{0C6494F8-7B08-4F86-B162-852ED585026D}.Debug|x86.ActiveCfg = Debug|Any CPU
		{0C6494F8-7B08-4F86-B162-852ED585026D}.Debug|x86.Build.0 = Debug|Any CPU
		{0C6494F8-7B08-4F86-B162-852ED585026D}.Release|Any CPU.ActiveCfg = Release|Any CPU
		{0C6494F8-7B08-4F86-B162-852ED585026D}.Release|Any CPU.Build.0 = Release|Any CPU
		{0C6494F8-7B08-4F86-B162-852ED585026D}.Release|x64.ActiveCfg = Release|Any CPU
		{0C6494F8-7B08-4F86-B162-852ED585026D}.Release|x64.Build.0 = Release|Any CPU
		{0C6494F8-7B08-4F86-B162-852ED585026D}.Release|x86.ActiveCfg = Release|Any CPU
		{0C6494F8-7B08-4F86-B162-852ED585026D}.Release|x86.Build.0 = Release|Any CPU
		{616B2E1A-BD1D-49CC-88A7-F34B542140DD}.Debug|Any CPU.ActiveCfg = Debug|Any CPU
		{616B2E1A-BD1D-49CC-88A7-F34B542140DD}.Debug|Any CPU.Build.0 = Debug|Any CPU
		{616B2E1A-BD1D-49CC-88A7-F34B542140DD}.Debug|x64.ActiveCfg = Debug|Any CPU
		{616B2E1A-BD1D-49CC-88A7-F34B542140DD}.Debug|x64.Build.0 = Debug|Any CPU
		{616B2E1A-BD1D-49CC-88A7-F34B542140DD}.Debug|x86.ActiveCfg = Debug|Any CPU
		{616B2E1A-BD1D-49CC-88A7-F34B542140DD}.Debug|x86.Build.0 = Debug|Any CPU
		{616B2E1A-BD1D-49CC-88A7-F34B542140DD}.Release|Any CPU.ActiveCfg = Release|Any CPU
		{616B2E1A-BD1D-49CC-88A7-F34B542140DD}.Release|Any CPU.Build.0 = Release|Any CPU
		{616B2E1A-BD1D-49CC-88A7-F34B542140DD}.Release|x64.ActiveCfg = Release|Any CPU
		{616B2E1A-BD1D-49CC-88A7-F34B542140DD}.Release|x64.Build.0 = Release|Any CPU
		{616B2E1A-BD1D-49CC-88A7-F34B542140DD}.Release|x86.ActiveCfg = Release|Any CPU
		{616B2E1A-BD1D-49CC-88A7-F34B542140DD}.Release|x86.Build.0 = Release|Any CPU
		{3E51704C-7BD1-4F19-A6DC-9D467165559C}.Debug|Any CPU.ActiveCfg = Debug|Any CPU
		{3E51704C-7BD1-4F19-A6DC-9D467165559C}.Debug|Any CPU.Build.0 = Debug|Any CPU
		{3E51704C-7BD1-4F19-A6DC-9D467165559C}.Debug|x64.ActiveCfg = Debug|Any CPU
		{3E51704C-7BD1-4F19-A6DC-9D467165559C}.Debug|x64.Build.0 = Debug|Any CPU
		{3E51704C-7BD1-4F19-A6DC-9D467165559C}.Debug|x86.ActiveCfg = Debug|Any CPU
		{3E51704C-7BD1-4F19-A6DC-9D467165559C}.Debug|x86.Build.0 = Debug|Any CPU
		{3E51704C-7BD1-4F19-A6DC-9D467165559C}.Release|Any CPU.ActiveCfg = Release|Any CPU
		{3E51704C-7BD1-4F19-A6DC-9D467165559C}.Release|Any CPU.Build.0 = Release|Any CPU
		{3E51704C-7BD1-4F19-A6DC-9D467165559C}.Release|x64.ActiveCfg = Release|Any CPU
		{3E51704C-7BD1-4F19-A6DC-9D467165559C}.Release|x64.Build.0 = Release|Any CPU
		{3E51704C-7BD1-4F19-A6DC-9D467165559C}.Release|x86.ActiveCfg = Release|Any CPU
		{3E51704C-7BD1-4F19-A6DC-9D467165559C}.Release|x86.Build.0 = Release|Any CPU
	EndGlobalSection
EndGlobal
